
Microsoft Visual Studio Solution File, Format Version 12.00
# Visual Studio Version 16
VisualStudioVersion = 16.0.30621.155
MinimumVisualStudioVersion = 10.0.40219.1
Project("{FAE04EC0-301F-11D3-BF4B-00C04F79EFBC}") = "Cw2", "Cw2\Cw2.csproj", "{D65040E6-447B-443C-80B5-717568B315F8}"
EndProject
Global
	GlobalSection(SolutionConfigurationPlatforms) = preSolution
		Debug|Any CPU = Debug|Any CPU
		Release|Any CPU = Release|Any CPU
	EndGlobalSection
	GlobalSection(ProjectConfigurationPlatforms) = postSolution
		{D65040E6-447B-443C-80B5-717568B315F8}.Debug|Any CPU.ActiveCfg = Debug|Any CPU
		{D65040E6-447B-443C-80B5-717568B315F8}.Debug|Any CPU.Build.0 = Debug|Any CPU
		{D65040E6-447B-443C-80B5-717568B315F8}.Release|Any CPU.ActiveCfg = Release|Any CPU
		{D65040E6-447B-443C-80B5-717568B315F8}.Release|Any CPU.Build.0 = Release|Any CPU
	EndGlobalSection
	GlobalSection(SolutionProperties) = preSolution
		HideSolutionNode = FALSE
	EndGlobalSection
	GlobalSection(ExtensibilityGlobals) = postSolution
		SolutionGuid = {D2F5F322-BD2C-426A-A845-BBC5E079B87A}
	EndGlobalSection
EndGlobal
